
Microsoft Visual Studio Solution File, Format Version 12.00
# Visual Studio Version 16
VisualStudioVersion = 16.0.31205.134
MinimumVisualStudioVersion = 10.0.40219.1
Project("{F184B08F-C81C-45F6-A57F-5ABD9991F28F}") = "DBMSproject", "DBMSproject\DBMSproject.vbproj", "{10564A3A-08E7-43FF-929C-7D304867586B}"
EndProject
Global
	GlobalSection(SolutionConfigurationPlatforms) = preSolution
		Debug|Any CPU = Debug|Any CPU
		Release|Any CPU = Release|Any CPU
	EndGlobalSection
	GlobalSection(ProjectConfigurationPlatforms) = postSolution
		{10564A3A-08E7-43FF-929C-7D304867586B}.Debug|Any CPU.ActiveCfg = Debug|Any CPU
		{10564A3A-08E7-43FF-929C-7D304867586B}.Debug|Any CPU.Build.0 = Debug|Any CPU
		{10564A3A-08E7-43FF-929C-7D304867586B}.Release|Any CPU.ActiveCfg = Release|Any CPU
		{10564A3A-08E7-43FF-929C-7D304867586B}.Release|Any CPU.Build.0 = Release|Any CPU
	EndGlobalSection
	GlobalSection(SolutionProperties) = preSolution
		HideSolutionNode = FALSE
	EndGlobalSection
	GlobalSection(ExtensibilityGlobals) = postSolution
		SolutionGuid = {7E70504A-9D41-4D82-902B-7EC6C215B003}
	EndGlobalSection
EndGlobal
